
Microsoft Visual Studio Solution File, Format Version 12.00
# Visual Studio 15
VisualStudioVersion = 15.0.28010.2016
MinimumVisualStudioVersion = 10.0.40219.1
Project("{9A19103F-16F7-4668-BE54-9A1E7A4F7556}") = "WebApplication", "WebApplication\WebApplication.csproj", "{B0D5BDEE-C757-4958-BF06-52DB90AB3D7E}"
EndProject
Project("{9A19103F-16F7-4668-BE54-9A1E7A4F7556}") = "DataAccess", "DataAccess\DataAccess.csproj", "{C4DAEEAD-3672-44A5-A2E5-B4CFB4D0B41F}"
EndProject
Project("{9A19103F-16F7-4668-BE54-9A1E7A4F7556}") = "Utility", "Utility\Utility.csproj", "{2C992BAE-E47B-41EA-A4A0-FE45E160F9DF}"
EndProject
Project("{FAE04EC0-301F-11D3-BF4B-00C04F79EFBC}") = "CalculationEngine", "CalculationEngine\CalculationEngine.csproj", "{2B48D562-1AA5-40F6-9E1E-F95B965AB4DF}"
EndProject
Global
	GlobalSection(SolutionConfigurationPlatforms) = preSolution
		Debug|Any CPU = Debug|Any CPU
		Release|Any CPU = Release|Any CPU
	EndGlobalSection
	GlobalSection(ProjectConfigurationPlatforms) = postSolution
		{B0D5BDEE-C757-4958-BF06-52DB90AB3D7E}.Debug|Any CPU.ActiveCfg = Debug|Any CPU
		{B0D5BDEE-C757-4958-BF06-52DB90AB3D7E}.Debug|Any CPU.Build.0 = Debug|Any CPU
		{B0D5BDEE-C757-4958-BF06-52DB90AB3D7E}.Release|Any CPU.ActiveCfg = Release|Any CPU
		{B0D5BDEE-C757-4958-BF06-52DB90AB3D7E}.Release|Any CPU.Build.0 = Release|Any CPU
		{C4DAEEAD-3672-44A5-A2E5-B4CFB4D0B41F}.Debug|Any CPU.ActiveCfg = Debug|Any CPU
		{C4DAEEAD-3672-44A5-A2E5-B4CFB4D0B41F}.Debug|Any CPU.Build.0 = Debug|Any CPU
		{C4DAEEAD-3672-44A5-A2E5-B4CFB4D0B41F}.Release|Any CPU.ActiveCfg = Release|Any CPU
		{C4DAEEAD-3672-44A5-A2E5-B4CFB4D0B41F}.Release|Any CPU.Build.0 = Release|Any CPU
		{2C992BAE-E47B-41EA-A4A0-FE45E160F9DF}.Debug|Any CPU.ActiveCfg = Debug|Any CPU
		{2C992BAE-E47B-41EA-A4A0-FE45E160F9DF}.Debug|Any CPU.Build.0 = Debug|Any CPU
		{2C992BAE-E47B-41EA-A4A0-FE45E160F9DF}.Release|Any CPU.ActiveCfg = Release|Any CPU
		{2C992BAE-E47B-41EA-A4A0-FE45E160F9DF}.Release|Any CPU.Build.0 = Release|Any CPU
		{2B48D562-1AA5-40F6-9E1E-F95B965AB4DF}.Debug|Any CPU.ActiveCfg = Debug|Any CPU
		{2B48D562-1AA5-40F6-9E1E-F95B965AB4DF}.Debug|Any CPU.Build.0 = Debug|Any CPU
		{2B48D562-1AA5-40F6-9E1E-F95B965AB4DF}.Release|Any CPU.ActiveCfg = Release|Any CPU
		{2B48D562-1AA5-40F6-9E1E-F95B965AB4DF}.Release|Any CPU.Build.0 = Release|Any CPU
	EndGlobalSection
	GlobalSection(SolutionProperties) = preSolution
		HideSolutionNode = FALSE
	EndGlobalSection
	GlobalSection(ExtensibilityGlobals) = postSolution
		SolutionGuid = {F6D0DEB4-574E-486F-93D3-346D05558BFE}
	EndGlobalSection
EndGlobal
